
Microsoft Visual Studio Solution File, Format Version 12.00
# Visual Studio Version 16
VisualStudioVersion = 16.0.30413.136
MinimumVisualStudioVersion = 10.0.40219.1
Project("{9A19103F-16F7-4668-BE54-9A1E7A4F7556}") = "Banking", "Banking\Banking.csproj", "{F2B7D0D5-F9CA-4FC3-A6B2-84E4DA5893A8}"
EndProject
Project("{9A19103F-16F7-4668-BE54-9A1E7A4F7556}") = "SupportAPI", "SupportAPI\SupportAPI.csproj", "{39143985-8E8A-4C1F-803C-794D429FB341}"
EndProject
Project("{E53339B2-1760-4266-BCC7-CA923CBCF16C}") = "docker-compose", "docker-compose.dcproj", "{08D0C2AF-DFAD-4D93-A933-5A060ACF3293}"
EndProject
Global
	GlobalSection(SolutionConfigurationPlatforms) = preSolution
		Debug|Any CPU = Debug|Any CPU
		Release|Any CPU = Release|Any CPU
	EndGlobalSection
	GlobalSection(ProjectConfigurationPlatforms) = postSolution
		{F2B7D0D5-F9CA-4FC3-A6B2-84E4DA5893A8}.Debug|Any CPU.ActiveCfg = Debug|Any CPU
		{F2B7D0D5-F9CA-4FC3-A6B2-84E4DA5893A8}.Debug|Any CPU.Build.0 = Debug|Any CPU
		{F2B7D0D5-F9CA-4FC3-A6B2-84E4DA5893A8}.Release|Any CPU.ActiveCfg = Release|Any CPU
		{F2B7D0D5-F9CA-4FC3-A6B2-84E4DA5893A8}.Release|Any CPU.Build.0 = Release|Any CPU
		{39143985-8E8A-4C1F-803C-794D429FB341}.Debug|Any CPU.ActiveCfg = Debug|Any CPU
		{39143985-8E8A-4C1F-803C-794D429FB341}.Debug|Any CPU.Build.0 = Debug|Any CPU
		{39143985-8E8A-4C1F-803C-794D429FB341}.Release|Any CPU.ActiveCfg = Release|Any CPU
		{39143985-8E8A-4C1F-803C-794D429FB341}.Release|Any CPU.Build.0 = Release|Any CPU
		{08D0C2AF-DFAD-4D93-A933-5A060ACF3293}.Debug|Any CPU.ActiveCfg = Debug|Any CPU
		{08D0C2AF-DFAD-4D93-A933-5A060ACF3293}.Debug|Any CPU.Build.0 = Debug|Any CPU
		{08D0C2AF-DFAD-4D93-A933-5A060ACF3293}.Release|Any CPU.ActiveCfg = Release|Any CPU
		{08D0C2AF-DFAD-4D93-A933-5A060ACF3293}.Release|Any CPU.Build.0 = Release|Any CPU
	EndGlobalSection
	GlobalSection(SolutionProperties) = preSolution
		HideSolutionNode = FALSE
	EndGlobalSection
	GlobalSection(ExtensibilityGlobals) = postSolution
		SolutionGuid = {36EACEF8-C7CF-4B95-9130-16FF2A1BEDA4}
	EndGlobalSection
EndGlobal
