
Microsoft Visual Studio Solution File, Format Version 12.00
# Visual Studio 15
VisualStudioVersion = 15.0.26124.0
MinimumVisualStudioVersion = 15.0.26124.0
Project("{FAE04EC0-301F-11D3-BF4B-00C04F79EFBC}") = "Gateway", "Gateway\Gateway.csproj", "{A31580D7-D596-41C8-B425-06A2CCF27FFA}"
EndProject
Project("{2150E333-8FDC-42A3-9474-1A3956D46DE8}") = "Microservices", "Microservices", "{CD956AC0-DCD2-42AC-B608-874033E618E7}"
EndProject
Project("{FAE04EC0-301F-11D3-BF4B-00C04F79EFBC}") = "AuthService", "Microservices\AuthService\AuthService.csproj", "{71F1B5B9-9A68-4D5C-BDD4-8032C266E4A8}"
EndProject
Global
	GlobalSection(SolutionConfigurationPlatforms) = preSolution
		Debug|Any CPU = Debug|Any CPU
		Debug|x64 = Debug|x64
		Debug|x86 = Debug|x86
		Release|Any CPU = Release|Any CPU
		Release|x64 = Release|x64
		Release|x86 = Release|x86
	EndGlobalSection
	GlobalSection(SolutionProperties) = preSolution
		HideSolutionNode = FALSE
	EndGlobalSection
	GlobalSection(ProjectConfigurationPlatforms) = postSolution
		{A31580D7-D596-41C8-B425-06A2CCF27FFA}.Debug|Any CPU.ActiveCfg = Debug|Any CPU
		{A31580D7-D596-41C8-B425-06A2CCF27FFA}.Debug|Any CPU.Build.0 = Debug|Any CPU
		{A31580D7-D596-41C8-B425-06A2CCF27FFA}.Debug|x64.ActiveCfg = Debug|Any CPU
		{A31580D7-D596-41C8-B425-06A2CCF27FFA}.Debug|x64.Build.0 = Debug|Any CPU
		{A31580D7-D596-41C8-B425-06A2CCF27FFA}.Debug|x86.ActiveCfg = Debug|Any CPU
		{A31580D7-D596-41C8-B425-06A2CCF27FFA}.Debug|x86.Build.0 = Debug|Any CPU
		{A31580D7-D596-41C8-B425-06A2CCF27FFA}.Release|Any CPU.ActiveCfg = Release|Any CPU
		{A31580D7-D596-41C8-B425-06A2CCF27FFA}.Release|Any CPU.Build.0 = Release|Any CPU
		{A31580D7-D596-41C8-B425-06A2CCF27FFA}.Release|x64.ActiveCfg = Release|Any CPU
		{A31580D7-D596-41C8-B425-06A2CCF27FFA}.Release|x64.Build.0 = Release|Any CPU
		{A31580D7-D596-41C8-B425-06A2CCF27FFA}.Release|x86.ActiveCfg = Release|Any CPU
		{A31580D7-D596-41C8-B425-06A2CCF27FFA}.Release|x86.Build.0 = Release|Any CPU
		{71F1B5B9-9A68-4D5C-BDD4-8032C266E4A8}.Debug|Any CPU.ActiveCfg = Debug|Any CPU
		{71F1B5B9-9A68-4D5C-BDD4-8032C266E4A8}.Debug|Any CPU.Build.0 = Debug|Any CPU
		{71F1B5B9-9A68-4D5C-BDD4-8032C266E4A8}.Debug|x64.ActiveCfg = Debug|Any CPU
		{71F1B5B9-9A68-4D5C-BDD4-8032C266E4A8}.Debug|x64.Build.0 = Debug|Any CPU
		{71F1B5B9-9A68-4D5C-BDD4-8032C266E4A8}.Debug|x86.ActiveCfg = Debug|Any CPU
		{71F1B5B9-9A68-4D5C-BDD4-8032C266E4A8}.Debug|x86.Build.0 = Debug|Any CPU
		{71F1B5B9-9A68-4D5C-BDD4-8032C266E4A8}.Release|Any CPU.ActiveCfg = Release|Any CPU
		{71F1B5B9-9A68-4D5C-BDD4-8032C266E4A8}.Release|Any CPU.Build.0 = Release|Any CPU
		{71F1B5B9-9A68-4D5C-BDD4-8032C266E4A8}.Release|x64.ActiveCfg = Release|Any CPU
		{71F1B5B9-9A68-4D5C-BDD4-8032C266E4A8}.Release|x64.Build.0 = Release|Any CPU
		{71F1B5B9-9A68-4D5C-BDD4-8032C266E4A8}.Release|x86.ActiveCfg = Release|Any CPU
		{71F1B5B9-9A68-4D5C-BDD4-8032C266E4A8}.Release|x86.Build.0 = Release|Any CPU
	EndGlobalSection
	GlobalSection(NestedProjects) = preSolution
		{71F1B5B9-9A68-4D5C-BDD4-8032C266E4A8} = {CD956AC0-DCD2-42AC-B608-874033E618E7}
	EndGlobalSection
EndGlobal
